
Microsoft Visual Studio Solution File, Format Version 12.00
# Visual Studio Version 17
VisualStudioVersion = 17.10.35013.160
MinimumVisualStudioVersion = 10.0.40219.1
Project("{FAE04EC0-301F-11D3-BF4B-00C04F79EFBC}") = "DAL_BUS", "DAL_BUS\DAL_BUS.csproj", "{81ADF31B-CEAA-493F-8720-953260A01FA4}"
EndProject
Project("{FAE04EC0-301F-11D3-BF4B-00C04F79EFBC}") = "PRL", "PRL\PRL.csproj", "{86D18D34-6E7B-4F41-AEC6-A40FFA6E8C45}"
EndProject
Global
	GlobalSection(SolutionConfigurationPlatforms) = preSolution
		Debug|Any CPU = Debug|Any CPU
		Release|Any CPU = Release|Any CPU
	EndGlobalSection
	GlobalSection(ProjectConfigurationPlatforms) = postSolution
		{81ADF31B-CEAA-493F-8720-953260A01FA4}.Debug|Any CPU.ActiveCfg = Debug|Any CPU
		{81ADF31B-CEAA-493F-8720-953260A01FA4}.Debug|Any CPU.Build.0 = Debug|Any CPU
		{81ADF31B-CEAA-493F-8720-953260A01FA4}.Release|Any CPU.ActiveCfg = Release|Any CPU
		{81ADF31B-CEAA-493F-8720-953260A01FA4}.Release|Any CPU.Build.0 = Release|Any CPU
		{86D18D34-6E7B-4F41-AEC6-A40FFA6E8C45}.Debug|Any CPU.ActiveCfg = Debug|Any CPU
		{86D18D34-6E7B-4F41-AEC6-A40FFA6E8C45}.Debug|Any CPU.Build.0 = Debug|Any CPU
		{86D18D34-6E7B-4F41-AEC6-A40FFA6E8C45}.Release|Any CPU.ActiveCfg = Release|Any CPU
		{86D18D34-6E7B-4F41-AEC6-A40FFA6E8C45}.Release|Any CPU.Build.0 = Release|Any CPU
	EndGlobalSection
	GlobalSection(SolutionProperties) = preSolution
		HideSolutionNode = FALSE
	EndGlobalSection
	GlobalSection(ExtensibilityGlobals) = postSolution
		SolutionGuid = {AD855464-5DFB-48BF-8BB4-987ACE15D264}
	EndGlobalSection
EndGlobal
